// !$*UTF8*$!
{
	archiveVersion = 1;
	classes = {
	};
	objectVersion = 51;
	objects = {

/* Begin PBXBuildFile section */
		57C2298A239685D1602DAA68 /* Pods_RxSwift_Study.framework in Frameworks */ = {isa = PBXBuildFile; fileRef = 45E4615F347EFB59158580BF /* Pods_RxSwift_Study.framework */; };
		ED994DF524C5CEC7004376A7 /* AppDelegate.swift in Sources */ = {isa = PBXBuildFile; fileRef = ED994DF424C5CEC7004376A7 /* AppDelegate.swift */; };
		ED994DF724C5CEC7004376A7 /* SceneDelegate.swift in Sources */ = {isa = PBXBuildFile; fileRef = ED994DF624C5CEC7004376A7 /* SceneDelegate.swift */; };
		ED994DF924C5CEC7004376A7 /* ViewController.swift in Sources */ = {isa = PBXBuildFile; fileRef = ED994DF824C5CEC7004376A7 /* ViewController.swift */; };
		ED994DFC24C5CEC7004376A7 /* Main.storyboard in Resources */ = {isa = PBXBuildFile; fileRef = ED994DFA24C5CEC7004376A7 /* Main.storyboard */; };
		ED994DFF24C5CEC7004376A7 /* RxSwift_Study.xcdatamodeld in Sources */ = {isa = PBXBuildFile; fileRef = ED994DFD24C5CEC7004376A7 /* RxSwift_Study.xcdatamodeld */; };
		ED994E0124C5CECB004376A7 /* Assets.xcassets in Resources */ = {isa = PBXBuildFile; fileRef = ED994E0024C5CECB004376A7 /* Assets.xcassets */; };
		ED994E0424C5CECB004376A7 /* LaunchScreen.storyboard in Resources */ = {isa = PBXBuildFile; fileRef = ED994E0224C5CECB004376A7 /* LaunchScreen.storyboard */; };
/* End PBXBuildFile section */

/* Begin PBXFileReference section */
		03AD7FE50E465D640502241A /* Pods-RxSwift_Study.release.xcconfig */ = {isa = PBXFileReference; includeInIndex = 1; lastKnownFileType = text.xcconfig; name = "Pods-RxSwift_Study.release.xcconfig"; path = "Target Support Files/Pods-RxSwift_Study/Pods-RxSwift_Study.release.xcconfig"; sourceTree = "<group>"; };
		45E4615F347EFB59158580BF /* Pods_RxSwift_Study.framework */ = {isa = PBXFileReference; explicitFileType = wrapper.framework; includeInIndex = 0; path = Pods_RxSwift_Study.framework; sourceTree = BUILT_PRODUCTS_DIR; };
		D71E1ECDC2DE076481D3ACB5 /* Pods-RxSwift_Study.debug.xcconfig */ = {isa = PBXFileReference; includeInIndex = 1; lastKnownFileType = text.xcconfig; name = "Pods-RxSwift_Study.debug.xcconfig"; path = "Target Support Files/Pods-RxSwift_Study/Pods-RxSwift_Study.debug.xcconfig"; sourceTree = "<group>"; };
		ED994DF124C5CEC7004376A7 /* RxSwift_Study.app */ = {isa = PBXFileReference; explicitFileType = wrapper.application; includeInIndex = 0; path = RxSwift_Study.app; sourceTree = BUILT_PRODUCTS_DIR; };
		ED994DF424C5CEC7004376A7 /* AppDelegate.swift */ = {isa = PBXFileReference; lastKnownFileType = sourcecode.swift; path = AppDelegate.swift; sourceTree = "<group>"; };
		ED994DF624C5CEC7004376A7 /* SceneDelegate.swift */ = {isa = PBXFileReference; lastKnownFileType = sourcecode.swift; path = SceneDelegate.swift; sourceTree = "<group>"; };
		ED994DF824C5CEC7004376A7 /* ViewController.swift */ = {isa = PBXFileReference; lastKnownFileType = sourcecode.swift; path = ViewController.swift; sourceTree = "<group>"; };
		ED994DFB24C5CEC7004376A7 /* Base */ = {isa = PBXFileReference; lastKnownFileType = file.storyboard; name = Base; path = Base.lproj/Main.storyboard; sourceTree = "<group>"; };
		ED994DFE24C5CEC7004376A7 /* RxSwift_Study.xcdatamodel */ = {isa = PBXFileReference; lastKnownFileType = wrapper.xcdatamodel; path = RxSwift_Study.xcdatamodel; sourceTree = "<group>"; };
		ED994E0024C5CECB004376A7 /* Assets.xcassets */ = {isa = PBXFileReference; lastKnownFileType = folder.assetcatalog; path = Assets.xcassets; sourceTree = "<group>"; };
		ED994E0324C5CECB004376A7 /* Base */ = {isa = PBXFileReference; lastKnownFileType = file.storyboard; name = Base; path = Base.lproj/LaunchScreen.storyboard; sourceTree = "<group>"; };
		ED994E0524C5CECB004376A7 /* Info.plist */ = {isa = PBXFileReference; lastKnownFileType = text.plist.xml; path = Info.plist; sourceTree = "<group>"; };
		ED994E0C24C5D0B0004376A7 /* Hello.playground */ = {isa = PBXFileReference; lastKnownFileType = file.playground; path = Hello.playground; sourceTree = "<group>"; xcLanguageSpecificationIdentifier = xcode.lang.swift; };
		ED994E0E24C5D2DE004376A7 /* Observables.playground */ = {isa = PBXFileReference; lastKnownFileType = file.playground; path = Observables.playground; sourceTree = "<group>"; xcLanguageSpecificationIdentifier = xcode.lang.swift; };
		ED994E1024C5D414004376A7 /* PublishSubject.playground */ = {isa = PBXFileReference; lastKnownFileType = file.playground; path = PublishSubject.playground; sourceTree = "<group>"; xcLanguageSpecificationIdentifier = xcode.lang.swift; };
		EDC567B324D6C3FF00BF3899 /* just_Operator.playground */ = {isa = PBXFileReference; lastKnownFileType = file.playground; path = just_Operator.playground; sourceTree = "<group>"; xcLanguageSpecificationIdentifier = xcode.lang.swift; };
		EDC567B424D6C62A00BF3899 /* of_Operator.playground */ = {isa = PBXFileReference; lastKnownFileType = file.playground; path = of_Operator.playground; sourceTree = "<group>"; xcLanguageSpecificationIdentifier = xcode.lang.swift; };
		EDC567B524D6C6A900BF3899 /* from.playground */ = {isa = PBXFileReference; lastKnownFileType = file.playground; path = from.playground; sourceTree = "<group>"; xcLanguageSpecificationIdentifier = xcode.lang.swift; };
		EDC567D924D8185900BF3899 /* filter_Operator.playground */ = {isa = PBXFileReference; lastKnownFileType = file.playground; path = filter_Operator.playground; sourceTree = "<group>"; xcLanguageSpecificationIdentifier = xcode.lang.swift; };
		EDC567DA24D8192A00BF3899 /* flatMap_Operator.playground */ = {isa = PBXFileReference; lastKnownFileType = file.playground; path = flatMap_Operator.playground; sourceTree = "<group>"; xcLanguageSpecificationIdentifier = xcode.lang.swift; };
		EDC567DD24D81E6200BF3899 /* combineLatest.playground */ = {isa = PBXFileReference; lastKnownFileType = file.playground; path = combineLatest.playground; sourceTree = "<group>"; xcLanguageSpecificationIdentifier = xcode.lang.swift; };
/* End PBXFileReference section */

/* Begin PBXFrameworksBuildPhase section */
		ED994DEE24C5CEC7004376A7 /* Frameworks */ = {
			isa = PBXFrameworksBuildPhase;
			buildActionMask = 2147483647;
			files = (
				57C2298A239685D1602DAA68 /* Pods_RxSwift_Study.framework in Frameworks */,
			);
			runOnlyForDeploymentPostprocessing = 0;
		};
/* End PBXFrameworksBuildPhase section */

/* Begin PBXGroup section */
		52E0A6460F56D94F155DC58B /* Frameworks */ = {
			isa = PBXGroup;
			children = (
				45E4615F347EFB59158580BF /* Pods_RxSwift_Study.framework */,
			);
			name = Frameworks;
			sourceTree = "<group>";
		};
		9E7168F620DEE75635528BFD /* Pods */ = {
			isa = PBXGroup;
			children = (
				D71E1ECDC2DE076481D3ACB5 /* Pods-RxSwift_Study.debug.xcconfig */,
				03AD7FE50E465D640502241A /* Pods-RxSwift_Study.release.xcconfig */,
			);
			path = Pods;
			sourceTree = "<group>";
		};
		ED994DE824C5CEC7004376A7 = {
			isa = PBXGroup;
			children = (
				ED994DF324C5CEC7004376A7 /* RxSwift_Study */,
				ED994DF224C5CEC7004376A7 /* Products */,
				9E7168F620DEE75635528BFD /* Pods */,
				52E0A6460F56D94F155DC58B /* Frameworks */,
			);
			sourceTree = "<group>";
		};
		ED994DF224C5CEC7004376A7 /* Products */ = {
			isa = PBXGroup;
			children = (
				ED994DF124C5CEC7004376A7 /* RxSwift_Study.app */,
			);
			name = Products;
			sourceTree = "<group>";
		};
		ED994DF324C5CEC7004376A7 /* RxSwift_Study */ = {
			isa = PBXGroup;
			children = (
				EDC567B224D6C3E600BF3899 /* Operators */,
				ED994E0F24C5D400004376A7 /* Subject */,
				ED994E0D24C5D2C5004376A7 /* KeyConcepts */,
				ED994E0B24C5D09B004376A7 /* Hello */,
				ED994DF424C5CEC7004376A7 /* AppDelegate.swift */,
				ED994DF624C5CEC7004376A7 /* SceneDelegate.swift */,
				ED994DF824C5CEC7004376A7 /* ViewController.swift */,
				ED994DFA24C5CEC7004376A7 /* Main.storyboard */,
				ED994E0024C5CECB004376A7 /* Assets.xcassets */,
				ED994E0224C5CECB004376A7 /* LaunchScreen.storyboard */,
				ED994E0524C5CECB004376A7 /* Info.plist */,
				ED994DFD24C5CEC7004376A7 /* RxSwift_Study.xcdatamodeld */,
			);
			path = RxSwift_Study;
			sourceTree = "<group>";
		};
		ED994E0B24C5D09B004376A7 /* Hello */ = {
			isa = PBXGroup;
			children = (
				ED994E0C24C5D0B0004376A7 /* Hello.playground */,
			);
			path = Hello;
			sourceTree = "<group>";
		};
		ED994E0D24C5D2C5004376A7 /* KeyConcepts */ = {
			isa = PBXGroup;
			children = (
				ED994E0E24C5D2DE004376A7 /* Observables.playground */,
			);
			path = KeyConcepts;
			sourceTree = "<group>";
		};
		ED994E0F24C5D400004376A7 /* Subject */ = {
			isa = PBXGroup;
			children = (
				ED994E1024C5D414004376A7 /* PublishSubject.playground */,
			);
			path = Subject;
			sourceTree = "<group>";
		};
		EDC567B224D6C3E600BF3899 /* Operators */ = {
			isa = PBXGroup;
			children = (
				EDC567DE24D8216100BF3899 /* Create_Operators */,
				EDC567DC24D81E2600BF3899 /* Combining_Operators */,
				EDC567DB24D81E0800BF3899 /* Filtering_Operators */,
			);
			path = Operators;
			sourceTree = "<group>";
		};
		EDC567DB24D81E0800BF3899 /* Filtering_Operators */ = {
			isa = PBXGroup;
			children = (
				EDC567D924D8185900BF3899 /* filter_Operator.playground */,
				EDC567DA24D8192A00BF3899 /* flatMap_Operator.playground */,
			);
			path = Filtering_Operators;
			sourceTree = "<group>";
		};
		EDC567DC24D81E2600BF3899 /* Combining_Operators */ = {
			isa = PBXGroup;
			children = (
				EDC567DD24D81E6200BF3899 /* combineLatest.playground */,
			);
			path = Combining_Operators;
			sourceTree = "<group>";
		};
		EDC567DE24D8216100BF3899 /* Create_Operators */ = {
			isa = PBXGroup;
			children = (
				EDC567B324D6C3FF00BF3899 /* just_Operator.playground */,
				EDC567B424D6C62A00BF3899 /* of_Operator.playground */,
				EDC567B524D6C6A900BF3899 /* from.playground */,
			);
			path = Create_Operators;
			sourceTree = "<group>";
		};
/* End PBXGroup section */

/* Begin PBXNativeTarget section */
		ED994DF024C5CEC7004376A7 /* RxSwift_Study */ = {
			isa = PBXNativeTarget;
			buildConfigurationList = ED994E0824C5CECB004376A7 /* Build configuration list for PBXNativeTarget "RxSwift_Study" */;
			buildPhases = (
				81319350A809B1A447FE523C /* [CP] Check Pods Manifest.lock */,
				ED994DED24C5CEC7004376A7 /* Sources */,
				ED994DEE24C5CEC7004376A7 /* Frameworks */,
				ED994DEF24C5CEC7004376A7 /* Resources */,
				5D44875D801B64F187710202 /* [CP] Embed Pods Frameworks */,
			);
			buildRules = (
			);
			dependencies = (
			);
			name = RxSwift_Study;
			productName = RxSwift_Study;
			productReference = ED994DF124C5CEC7004376A7 /* RxSwift_Study.app */;
			productType = "com.apple.product-type.application";
		};
/* End PBXNativeTarget section */

/* Begin PBXProject section */
		ED994DE924C5CEC7004376A7 /* Project object */ = {
			isa = PBXProject;
			attributes = {
				LastSwiftUpdateCheck = 1160;
				LastUpgradeCheck = 1160;
				ORGANIZATIONNAME = "박성주";
				TargetAttributes = {
					ED994DF024C5CEC7004376A7 = {
						CreatedOnToolsVersion = 11.6;
					};
				};
			};
			buildConfigurationList = ED994DEC24C5CEC7004376A7 /* Build configuration list for PBXProject "RxSwift_Study" */;
			compatibilityVersion = "Xcode 9.3";
			developmentRegion = en;
			hasScannedForEncodings = 0;
			knownRegions = (
				en,
				Base,
			);
			mainGroup = ED994DE824C5CEC7004376A7;
			productRefGroup = ED994DF224C5CEC7004376A7 /* Products */;
			projectDirPath = "";
			projectRoot = "";
			targets = (
				ED994DF024C5CEC7004376A7 /* RxSwift_Study */,
			);
		};
/* End PBXProject section */

/* Begin PBXResourcesBuildPhase section */
		ED994DEF24C5CEC7004376A7 /* Resources */ = {
			isa = PBXResourcesBuildPhase;
			buildActionMask = 2147483647;
			files = (
				ED994E0424C5CECB004376A7 /* LaunchScreen.storyboard in Resources */,
				ED994E0124C5CECB004376A7 /* Assets.xcassets in Resources */,
				ED994DFC24C5CEC7004376A7 /* Main.storyboard in Resources */,
			);
			runOnlyForDeploymentPostprocessing = 0;
		};
/* End PBXResourcesBuildPhase section */

/* Begin PBXShellScriptBuildPhase section */
		5D44875D801B64F187710202 /* [CP] Embed Pods Frameworks */ = {
			isa = PBXShellScriptBuildPhase;
			buildActionMask = 2147483647;
			files = (
			);
			inputFileListPaths = (
				"${PODS_ROOT}/Target Support Files/Pods-RxSwift_Study/Pods-RxSwift_Study-frameworks-${CONFIGURATION}-input-files.xcfilelist",
			);
			name = "[CP] Embed Pods Frameworks";
			outputFileListPaths = (
				"${PODS_ROOT}/Target Support Files/Pods-RxSwift_Study/Pods-RxSwift_Study-frameworks-${CONFIGURATION}-output-files.xcfilelist",
			);
			runOnlyForDeploymentPostprocessing = 0;
			shellPath = /bin/sh;
			shellScript = "\"${PODS_ROOT}/Target Support Files/Pods-RxSwift_Study/Pods-RxSwift_Study-frameworks.sh\"\n";
			showEnvVarsInLog = 0;
		};
		81319350A809B1A447FE523C /* [CP] Check Pods Manifest.lock */ = {
			isa = PBXShellScriptBuildPhase;
			buildActionMask = 2147483647;
			files = (
			);
			inputFileListPaths = (
			);
			inputPaths = (
				"${PODS_PODFILE_DIR_PATH}/Podfile.lock",
				"${PODS_ROOT}/Manifest.lock",
			);
			name = "[CP] Check Pods Manifest.lock";
			outputFileListPaths = (
			);
			outputPaths = (
				"$(DERIVED_FILE_DIR)/Pods-RxSwift_Study-checkManifestLockResult.txt",
			);
			runOnlyForDeploymentPostprocessing = 0;
			shellPath = /bin/sh;
			shellScript = "diff \"${PODS_PODFILE_DIR_PATH}/Podfile.lock\" \"${PODS_ROOT}/Manifest.lock\" > /dev/null\nif [ $? != 0 ] ; then\n    # print error to STDERR\n    echo \"error: The sandbox is not in sync with the Podfile.lock. Run 'pod install' or update your CocoaPods installation.\" >&2\n    exit 1\nfi\n# This output is used by Xcode 'outputs' to avoid re-running this script phase.\necho \"SUCCESS\" > \"${SCRIPT_OUTPUT_FILE_0}\"\n";
			showEnvVarsInLog = 0;
		};
/* End PBXShellScriptBuildPhase section */

/* Begin PBXSourcesBuildPhase section */
		ED994DED24C5CEC7004376A7 /* Sources */ = {
			isa = PBXSourcesBuildPhase;
			buildActionMask = 2147483647;
			files = (
				ED994DF924C5CEC7004376A7 /* ViewController.swift in Sources */,
				ED994DFF24C5CEC7004376A7 /* RxSwift_Study.xcdatamodeld in Sources */,
				ED994DF524C5CEC7004376A7 /* AppDelegate.swift in Sources */,
				ED994DF724C5CEC7004376A7 /* SceneDelegate.swift in Sources */,
			);
			runOnlyForDeploymentPostprocessing = 0;
		};
/* End PBXSourcesBuildPhase section */

/* Begin PBXVariantGroup section */
		ED994DFA24C5CEC7004376A7 /* Main.storyboard */ = {
			isa = PBXVariantGroup;
			children = (
				ED994DFB24C5CEC7004376A7 /* Base */,
			);
			name = Main.storyboard;
			sourceTree = "<group>";
		};
		ED994E0224C5CECB004376A7 /* LaunchScreen.storyboard */ = {
			isa = PBXVariantGroup;
			children = (
				ED994E0324C5CECB004376A7 /* Base */,
			);
			name = LaunchScreen.storyboard;
			sourceTree = "<group>";
		};
/* End PBXVariantGroup section */

/* Begin XCBuildConfiguration section */
		ED994E0624C5CECB004376A7 /* Debug */ = {
			isa = XCBuildConfiguration;
			buildSettings = {
				ALWAYS_SEARCH_USER_PATHS = NO;
				CLANG_ANALYZER_NONNULL = YES;
				CLANG_ANALYZER_NUMBER_OBJECT_CONVERSION = YES_AGGRESSIVE;
				CLANG_CXX_LANGUAGE_STANDARD = "gnu++14";
				CLANG_CXX_LIBRARY = "libc++";
				CLANG_ENABLE_MODULES = YES;
				CLANG_ENABLE_OBJC_ARC = YES;
				CLANG_ENABLE_OBJC_WEAK = YES;
				CLANG_WARN_BLOCK_CAPTURE_AUTORELEASING = YES;
				CLANG_WARN_BOOL_CONVERSION = YES;
				CLANG_WARN_COMMA = YES;
				CLANG_WARN_CONSTANT_CONVERSION = YES;
				CLANG_WARN_DEPRECATED_OBJC_IMPLEMENTATIONS = YES;
				CLANG_WARN_DIRECT_OBJC_ISA_USAGE = YES_ERROR;
				CLANG_WARN_DOCUMENTATION_COMMENTS = YES;
				CLANG_WARN_EMPTY_BODY = YES;
				CLANG_WARN_ENUM_CONVERSION = YES;
				CLANG_WARN_INFINITE_RECURSION = YES;
				CLANG_WARN_INT_CONVERSION = YES;
				CLANG_WARN_NON_LITERAL_NULL_CONVERSION = YES;
				CLANG_WARN_OBJC_IMPLICIT_RETAIN_SELF = YES;
				CLANG_WARN_OBJC_LITERAL_CONVERSION = YES;
				CLANG_WARN_OBJC_ROOT_CLASS = YES_ERROR;
				CLANG_WARN_RANGE_LOOP_ANALYSIS = YES;
				CLANG_WARN_STRICT_PROTOTYPES = YES;
				CLANG_WARN_SUSPICIOUS_MOVE = YES;
				CLANG_WARN_UNGUARDED_AVAILABILITY = YES_AGGRESSIVE;
				CLANG_WARN_UNREACHABLE_CODE = YES;
				CLANG_WARN__DUPLICATE_METHOD_MATCH = YES;
				COPY_PHASE_STRIP = NO;
				DEBUG_INFORMATION_FORMAT = dwarf;
				ENABLE_STRICT_OBJC_MSGSEND = YES;
				ENABLE_TESTABILITY = YES;
				GCC_C_LANGUAGE_STANDARD = gnu11;
				GCC_DYNAMIC_NO_PIC = NO;
				GCC_NO_COMMON_BLOCKS = YES;
				GCC_OPTIMIZATION_LEVEL = 0;
				GCC_PREPROCESSOR_DEFINITIONS = (
					"DEBUG=1",
					"$(inherited)",
				);
				GCC_WARN_64_TO_32_BIT_CONVERSION = YES;
				GCC_WARN_ABOUT_RETURN_TYPE = YES_ERROR;
				GCC_WARN_UNDECLARED_SELECTOR = YES;
				GCC_WARN_UNINITIALIZED_AUTOS = YES_AGGRESSIVE;
				GCC_WARN_UNUSED_FUNCTION = YES;
				GCC_WARN_UNUSED_VARIABLE = YES;
				IPHONEOS_DEPLOYMENT_TARGET = 13.6;
				MTL_ENABLE_DEBUG_INFO = INCLUDE_SOURCE;
				MTL_FAST_MATH = YES;
				ONLY_ACTIVE_ARCH = YES;
				SDKROOT = iphoneos;
				SWIFT_ACTIVE_COMPILATION_CONDITIONS = DEBUG;
				SWIFT_OPTIMIZATION_LEVEL = "-Onone";
			};
			name = Debug;
		};
		ED994E0724C5CECB004376A7 /* Release */ = {
			isa = XCBuildConfiguration;
			buildSettings = {
				ALWAYS_SEARCH_USER_PATHS = NO;
				CLANG_ANALYZER_NONNULL = YES;
				CLANG_ANALYZER_NUMBER_OBJECT_CONVERSION = YES_AGGRESSIVE;
				CLANG_CXX_LANGUAGE_STANDARD = "gnu++14";
				CLANG_CXX_LIBRARY = "libc++";
				CLANG_ENABLE_MODULES = YES;
				CLANG_ENABLE_OBJC_ARC = YES;
				CLANG_ENABLE_OBJC_WEAK = YES;
				CLANG_WARN_BLOCK_CAPTURE_AUTORELEASING = YES;
				CLANG_WARN_BOOL_CONVERSION = YES;
				CLANG_WARN_COMMA = YES;
				CLANG_WARN_CONSTANT_CONVERSION = YES;
				CLANG_WARN_DEPRECATED_OBJC_IMPLEMENTATIONS = YES;
				CLANG_WARN_DIRECT_OBJC_ISA_USAGE = YES_ERROR;
				CLANG_WARN_DOCUMENTATION_COMMENTS = YES;
				CLANG_WARN_EMPTY_BODY = YES;
				CLANG_WARN_ENUM_CONVERSION = YES;
				CLANG_WARN_INFINITE_RECURSION = YES;
				CLANG_WARN_INT_CONVERSION = YES;
				CLANG_WARN_NON_LITERAL_NULL_CONVERSION = YES;
				CLANG_WARN_OBJC_IMPLICIT_RETAIN_SELF = YES;
				CLANG_WARN_OBJC_LITERAL_CONVERSION = YES;
				CLANG_WARN_OBJC_ROOT_CLASS = YES_ERROR;
				CLANG_WARN_RANGE_LOOP_ANALYSIS = YES;
				CLANG_WARN_STRICT_PROTOTYPES = YES;
				CLANG_WARN_SUSPICIOUS_MOVE = YES;
				CLANG_WARN_UNGUARDED_AVAILABILITY = YES_AGGRESSIVE;
				CLANG_WARN_UNREACHABLE_CODE = YES;
				CLANG_WARN__DUPLICATE_METHOD_MATCH = YES;
				COPY_PHASE_STRIP = NO;
				DEBUG_INFORMATION_FORMAT = "dwarf-with-dsym";
				ENABLE_NS_ASSERTIONS = NO;
				ENABLE_STRICT_OBJC_MSGSEND = YES;
				GCC_C_LANGUAGE_STANDARD = gnu11;
				GCC_NO_COMMON_BLOCKS = YES;
				GCC_WARN_64_TO_32_BIT_CONVERSION = YES;
				GCC_WARN_ABOUT_RETURN_TYPE = YES_ERROR;
				GCC_WARN_UNDECLARED_SELECTOR = YES;
				GCC_WARN_UNINITIALIZED_AUTOS = YES_AGGRESSIVE;
				GCC_WARN_UNUSED_FUNCTION = YES;
				GCC_WARN_UNUSED_VARIABLE = YES;
				IPHONEOS_DEPLOYMENT_TARGET = 13.6;
				MTL_ENABLE_DEBUG_INFO = NO;
				MTL_FAST_MATH = YES;
				SDKROOT = iphoneos;
				SWIFT_COMPILATION_MODE = wholemodule;
				SWIFT_OPTIMIZATION_LEVEL = "-O";
				VALIDATE_PRODUCT = YES;
			};
			name = Release;
		};
		ED994E0924C5CECB004376A7 /* Debug */ = {
			isa = XCBuildConfiguration;
			baseConfigurationReference = D71E1ECDC2DE076481D3ACB5 /* Pods-RxSwift_Study.debug.xcconfig */;
			buildSettings = {
				ASSETCATALOG_COMPILER_APPICON_NAME = AppIcon;
				CODE_SIGN_STYLE = Automatic;
				INFOPLIST_FILE = RxSwift_Study/Info.plist;
				LD_RUNPATH_SEARCH_PATHS = (
					"$(inherited)",
					"@executable_path/Frameworks",
				);
				PRODUCT_BUNDLE_IDENTIFIER = "study.RxSwift-Study";
				PRODUCT_NAME = "$(TARGET_NAME)";
				SWIFT_VERSION = 5.0;
				TARGETED_DEVICE_FAMILY = "1,2";
			};
			name = Debug;
		};
		ED994E0A24C5CECB004376A7 /* Release */ = {
			isa = XCBuildConfiguration;
			baseConfigurationReference = 03AD7FE50E465D640502241A /* Pods-RxSwift_Study.release.xcconfig */;
			buildSettings = {
				ASSETCATALOG_COMPILER_APPICON_NAME = AppIcon;
				CODE_SIGN_STYLE = Automatic;
				INFOPLIST_FILE = RxSwift_Study/Info.plist;
				LD_RUNPATH_SEARCH_PATHS = (
					"$(inherited)",
					"@executable_path/Frameworks",
				);
				PRODUCT_BUNDLE_IDENTIFIER = "study.RxSwift-Study";
				PRODUCT_NAME = "$(TARGET_NAME)";
				SWIFT_VERSION = 5.0;
				TARGETED_DEVICE_FAMILY = "1,2";
			};
			name = Release;
		};
/* End XCBuildConfiguration section */

/* Begin XCConfigurationList section */
		ED994DEC24C5CEC7004376A7 /* Build configuration list for PBXProject "RxSwift_Study" */ = {
			isa = XCConfigurationList;
			buildConfigurations = (
				ED994E0624C5CECB004376A7 /* Debug */,
				ED994E0724C5CECB004376A7 /* Release */,
			);
			defaultConfigurationIsVisible = 0;
			defaultConfigurationName = Release;
		};
		ED994E0824C5CECB004376A7 /* Build configuration list for PBXNativeTarget "RxSwift_Study" */ = {
			isa = XCConfigurationList;
			buildConfigurations = (
				ED994E0924C5CECB004376A7 /* Debug */,
				ED994E0A24C5CECB004376A7 /* Release */,
			);
			defaultConfigurationIsVisible = 0;
			defaultConfigurationName = Release;
		};
/* End XCConfigurationList section */

/* Begin XCVersionGroup section */
		ED994DFD24C5CEC7004376A7 /* RxSwift_Study.xcdatamodeld */ = {
			isa = XCVersionGroup;
			children = (
				ED994DFE24C5CEC7004376A7 /* RxSwift_Study.xcdatamodel */,
			);
			currentVersion = ED994DFE24C5CEC7004376A7 /* RxSwift_Study.xcdatamodel */;
			path = RxSwift_Study.xcdatamodeld;
			sourceTree = "<group>";
			versionGroupType = wrapper.xcdatamodel;
		};
/* End XCVersionGroup section */
	};
	rootObject = ED994DE924C5CEC7004376A7 /* Project object */;
}
